# THIS IS AN AUTOGENERATED FILE. DO NOT EDIT THIS FILE DIRECTLY.
# yarn lockfile v1


lightgallery@^2.7.0:
  version "2.7.0"
  resolved "https://registry.yarnpkg.com/lightgallery/-/lightgallery-2.7.0.tgz#faa1ff6c7338557f39a29a63228b77793afad95d"
  integrity sha512-iozIJNxKl3wPWcspCmRdaSYpYy3PjloC8BN0PDwaDOoTA1hsu1IhZdWQWI5cGgMJvnksP94/smElMwn2HS5d3Q==
